
Microsoft Visual Studio Solution File, Format Version 12.00
# Visual Studio Version 17
VisualStudioVersion = 17.2.32630.192
MinimumVisualStudioVersion = 10.0.40219.1
Project("{FAE04EC0-301F-11D3-BF4B-00C04F79EFBC}") = "Readint", "Readint\Readint.csproj", "{EED7C188-0303-40B6-8D0E-7C8A29894617}"
EndProject
Global
	GlobalSection(SolutionConfigurationPlatforms) = preSolution
		Debug|Any CPU = Debug|Any CPU
		Release|Any CPU = Release|Any CPU
	EndGlobalSection
	GlobalSection(ProjectConfigurationPlatforms) = postSolution
		{EED7C188-0303-40B6-8D0E-7C8A29894617}.Debug|Any CPU.ActiveCfg = Debug|Any CPU
		{EED7C188-0303-40B6-8D0E-7C8A29894617}.Debug|Any CPU.Build.0 = Debug|Any CPU
		{EED7C188-0303-40B6-8D0E-7C8A29894617}.Release|Any CPU.ActiveCfg = Release|Any CPU
		{EED7C188-0303-40B6-8D0E-7C8A29894617}.Release|Any CPU.Build.0 = Release|Any CPU
	EndGlobalSection
	GlobalSection(SolutionProperties) = preSolution
		HideSolutionNode = FALSE
	EndGlobalSection
	GlobalSection(ExtensibilityGlobals) = postSolution
		SolutionGuid = {072C4BB1-AEF1-440E-BEB8-8608DCEC6B24}
	EndGlobalSection
EndGlobal
